Microsoft Visual Studio Solution File, Format Version 12.00
# Visual Studio Version 17
VisualStudioVersion = 17.14.37614.0
MinimumVisualStudioVersion = 10.0.40219.1
Project("{FAE04EC0-301F-11D3-BF4B-00C04F79EFBC}") = "mullvad", "mullvad\mullvad.csproj", "{494307C3-223B-44D8-BFCD-BD28176E29E4}"
EndProject
Project("{FAE04EC0-301F-11D3-BF4B-00C04F79EFBC}") = "mullvad.shared", "mullvad.Shared\mullvad.shared.csproj", "{320A74DD-9C03-4906-A1AF-0D8A3036C9E0}"
EndProject
Project("{FAE04EC0-301F-11D3-BF4B-00C04F79EFBC}") = "mullvad.client", "mullvad.Client\mullvad.client.csproj", "{F4271600-F608-4F7F-9A8D-DB527C3C0251}"
EndProject
Project("{2150E333-8FDC-42A3-9474-1A3956D46DE8}") = "mullvad.modules", "mullvad.modules", "{02EA681E-C7D8-13C7-8484-4AC65E1B71E8}"
EndProject
Project("{2150E333-8FDC-42A3-9474-1A3956D46DE8}") = "mullvad.plugins", "mullvad.plugins", "{48AD1C7B-E280-465A-AFED-806CC83754FA}"
EndProject
Project("{2150E333-8FDC-42A3-9474-1A3956D46DE8}") = "mullvad.encryption", "mullvad.encryption", "{860370DD-B43E-4F81-A2CD-D0E4BC4F825C}"
EndProject
Project("{2150E333-8FDC-42A3-9474-1A3956D46DE8}") = "Managment", "Managment", "{14DA0662-5224-4363-ABBD-6A56B02047E2}"
EndProject
Project("{FAE04EC0-301F-11D3-BF4B-00C04F79EFBC}") = "FileManager", "FileManager\FileManager.csproj", "{5056A407-82AE-41C6-A866-F7D3BDD44514}"
EndProject
Project("{2150E333-8FDC-42A3-9474-1A3956D46DE8}") = "Information", "Information", "{B044CA8A-9F21-4B10-B192-6B6F59B88A90}"
EndProject
Project("{FAE04EC0-301F-11D3-BF4B-00C04F79EFBC}") = "SystemInformation", "SystemInformation\SystemInformation.csproj", "{4E1F1333-8227-4F9D-8001-7F61CC2E4E32}"
EndProject
Project("{FAE04EC0-301F-11D3-BF4B-00C04F79EFBC}") = "AdvancedSystemInformation", "AdvancedSystemInformation\AdvancedSystemInformation.csproj", "{35789CB2-9651-4A19-A25D-82FA349D397B}"
EndProject
Project("{FAE04EC0-301F-11D3-BF4B-00C04F79EFBC}") = "NetworkInformation", "NetworkInformation\NetworkInformation.csproj", "{437BC91A-40B8-41DC-944A-164DD995D1F0}"
EndProject
Project("{FAE04EC0-301F-11D3-BF4B-00C04F79EFBC}") = "TaskManager", "TaskManager\TaskManager.csproj", "{EBB56F57-A884-4825-AB69-92F5F2DA91A0}"
EndProject
Project("{FAE04EC0-301F-11D3-BF4B-00C04F79EFBC}") = "RegisteryEditor", "RegisteryEditor\RegisteryEditor.csproj", "{B91FBB15-A277-4C98-821A-9EE83EE45FF1}"
EndProject
Project("{FAE04EC0-301F-11D3-BF4B-00C04F79EFBC}") = "StartupApplications", "StartupApplications\StartupApplications.csproj", "{5AD8E90F-E8FE-42A9-9C11-9301990ACC13}"
EndProject
Project("{2150E333-8FDC-42A3-9474-1A3956D46DE8}") = "Surveillance", "Surveillance", "{CCF69E74-3EA3-4624-ACF9-32639664E62C}"
EndProject
Project("{FAE04EC0-301F-11D3-BF4B-00C04F79EFBC}") = "RemoteDesktop", "RemoteDesktop\RemoteDesktop.csproj", "{563D7262-21F2-4902-AF0C-E5A763591860}"
EndProject
Project("{FAE04EC0-301F-11D3-BF4B-00C04F79EFBC}") = "RemoteDesktop265", "RemoteDesktop265\RemoteDesktop265.csproj", "{EB8CD83B-3F8B-4F05-B3D9-9BB25BAC5F6B}"
EndProject
Project("{FAE04EC0-301F-11D3-BF4B-00C04F79EFBC}") = "Webcam", "Webcam\Webcam.csproj", "{C7E8F432-1A9B-4D2E-A6F3-8B5C92D41E7A}"
EndProject
Project("{FAE04EC0-301F-11D3-BF4B-00C04F79EFBC}") = "RemoteAudio", "RemoteAudio\RemoteAudio.csproj", "{D8F9A543-2BAC-5E3F-B7A4-9C6D03E52F8B}"
EndProject
Project("{FAE04EC0-301F-11D3-BF4B-00C04F79EFBC}") = "RemoteMicrophone", "RemoteMicrophone\RemoteMicrophone.csproj", "{0CA43E85-A384-4364-8442-FD1B302F81DD}"
EndProject
Project("{FAE04EC0-301F-11D3-BF4B-00C04F79EFBC}") = "Services", "Services\Services.csproj", "{3F865372-4DE5-48A5-8A62-803D48B90EA3}"
EndProject
Project("{FAE04EC0-301F-11D3-BF4B-00C04F79EFBC}") = "Hvnc", "Hvnc\Hvnc.csproj", "{A1B2C3D4-E5F6-7890-ABCD-EF1234567890}"
EndProject
Project("{FAE04EC0-301F-11D3-BF4B-00C04F79EFBC}") = "Intellix", "Intellix\Intellix.csproj", "{4E810C82-7642-4CC5-9082-F6889DB44517}"
EndProject
Project("{FAE04EC0-301F-11D3-BF4B-00C04F79EFBC}") = "Clipboard", "Clipboard\Clipboard.csproj", "{A2B3C4D5-E6F7-8901-BCDE-012345678901}"
EndProject
Project("{FAE04EC0-301F-11D3-BF4B-00C04F79EFBC}") = "InstalledApplications", "InstalledApplications\InstalledApplications.csproj", "{F2A3B4C5-D6E7-8901-BCDE-F12345678901}"
EndProject
Project("{2150E333-8FDC-42A3-9474-1A3956D46DE8}") = "Credentials", "Credentials", "{7A6A4E4C-ADEC-44CC-824F-AE43D8A28416}"
EndProject
Project("{FAE04EC0-301F-11D3-BF4B-00C04F79EFBC}") = "Discord", "Discord\Discord.csproj", "{1F93817D-B3A0-4916-838A-458C2576E220}"
EndProject
Project("{FAE04EC0-301F-11D3-BF4B-00C04F79EFBC}") = "GeoLocation", "GeoLocation\GeoLocation.csproj", "{C4D5E6F7-A8B9-0123-CDEF-234567890123}"
EndProject
Project("{FAE04EC0-301F-11D3-BF4B-00C04F79EFBC}") = "GpsExploit", "GpsExploit\GpsExploit.csproj", "{B2C3D4E5-F6A7-8901-BCDE-F01234567890}"
EndProject
Project("{2150E333-8FDC-42A3-9474-1A3956D46DE8}") = "PostModules", "PostModules", "{A9B0C1D2-E3F4-5678-90AB-CDEF01234567}"
EndProject
Project("{FAE04EC0-301F-11D3-BF4B-00C04F79EFBC}") = "MigrateProcess", "MigrateProcess\MigrateProcess.csproj", "{D1E2F3A4-B5C6-7890-ABCD-EF0123456789}"
EndProject
Project("{FAE04EC0-301F-11D3-BF4B-00C04F79EFBC}") = "BrowserInspection", "BrowserInspection\BrowserInspection.csproj", "{E2F3A4B5-C6D7-8901-BCDE-F01234567890}"
EndProject
Project("{FAE04EC0-301F-11D3-BF4B-00C04F79EFBC}") = "KeywordMonitor", "KeywordMonitor\KeywordMonitor.csproj", "{B2C3D4E5-F6A7-8901-BCDE-123456789ABC}"
EndProject
Project("{FAE04EC0-301F-11D3-BF4B-00C04F79EFBC}") = "RemoteScripting", "RemoteScripting\RemoteScripting.csproj", "{C3D4E5F6-A7B8-9012-CDEF-345678901234}"
EndProject
Project("{FAE04EC0-301F-11D3-BF4B-00C04F79EFBC}") = "Keylogger", "Keylogger\Keylogger.csproj", "{D4E5F6A7-B8C9-0123-ABCD-EF6789012345}"
EndProject
Project("{2150E333-8FDC-42A3-9474-1A3956D46DE8}") = "mullvad.protector", "mullvad.protector", "{F4A5B6C7-D8E9-0123-ABCD-EF4567890123}"
EndProject
Project("{FAE04EC0-301F-11D3-BF4B-00C04F79EFBC}") = "Mullvad.Protector.Core", "Mullvad.Protector.Core\Mullvad.Protector.Core.csproj", "{A4B5C6D7-E8F9-0123-ABCD-EF5678901234}"
EndProject
Project("{FAE04EC0-301F-11D3-BF4B-00C04F79EFBC}") = "Mullvad.Protector.CLI", "Mullvad.Protector.CLI\Mullvad.Protector.CLI.csproj", "{B5C6D7E8-F9A0-1234-BCDE-F67890123456}"
EndProject
Project("{FAE04EC0-301F-11D3-BF4B-00C04F79EFBC}") = "RemoteShell", "RemoteShell\RemoteShell.csproj", "{69BB1D83-090B-4A34-8C3F-3C63E071AAA5}"
EndProject
Global
	GlobalSection(SolutionConfigurationPlatforms) = preSolution
		Alpha|Any CPU = Alpha|Any CPU
		Alpha|x64 = Alpha|x64
		Alpha|x86 = Alpha|x86
		Debug|Any CPU = Debug|Any CPU
		Debug|x64 = Debug|x64
		Debug|x86 = Debug|x86
		Release|Any CPU = Release|Any CPU
		Release|x64 = Release|x64
		Release|x86 = Release|x86
	EndGlobalSection
	GlobalSection(ProjectConfigurationPlatforms) = postSolution
		{494307C3-223B-44D8-BFCD-BD28176E29E4}.Alpha|Any CPU.ActiveCfg = Alpha|Any CPU
		{494307C3-223B-44D8-BFCD-BD28176E29E4}.Alpha|Any CPU.Build.0 = Alpha|Any CPU
		{494307C3-223B-44D8-BFCD-BD28176E29E4}.Alpha|x64.ActiveCfg = Alpha|Any CPU
		{494307C3-223B-44D8-BFCD-BD28176E29E4}.Alpha|x64.Build.0 = Alpha|Any CPU
		{494307C3-223B-44D8-BFCD-BD28176E29E4}.Alpha|x86.ActiveCfg = Alpha|Any CPU
		{494307C3-223B-44D8-BFCD-BD28176E29E4}.Alpha|x86.Build.0 = Alpha|Any CPU
		{494307C3-223B-44D8-BFCD-BD28176E29E4}.Debug|Any CPU.ActiveCfg = Debug|Any CPU
		{494307C3-223B-44D8-BFCD-BD28176E29E4}.Debug|Any CPU.Build.0 = Debug|Any CPU
		{494307C3-223B-44D8-BFCD-BD28176E29E4}.Debug|x64.ActiveCfg = Debug|Any CPU
		{494307C3-223B-44D8-BFCD-BD28176E29E4}.Debug|x64.Build.0 = Debug|Any CPU
		{494307C3-223B-44D8-BFCD-BD28176E29E4}.Debug|x86.ActiveCfg = Debug|Any CPU
		{494307C3-223B-44D8-BFCD-BD28176E29E4}.Debug|x86.Build.0 = Debug|Any CPU
		{494307C3-223B-44D8-BFCD-BD28176E29E4}.Release|Any CPU.ActiveCfg = Release|Any CPU
		{494307C3-223B-44D8-BFCD-BD28176E29E4}.Release|Any CPU.Build.0 = Release|Any CPU
		{494307C3-223B-44D8-BFCD-BD28176E29E4}.Release|x64.ActiveCfg = Release|Any CPU
		{494307C3-223B-44D8-BFCD-BD28176E29E4}.Release|x64.Build.0 = Release|Any CPU
		{494307C3-223B-44D8-BFCD-BD28176E29E4}.Release|x86.ActiveCfg = Release|Any CPU
		{494307C3-223B-44D8-BFCD-BD28176E29E4}.Release|x86.Build.0 = Release|Any CPU
		{320A74DD-9C03-4906-A1AF-0D8A3036C9E0}.Alpha|Any CPU.ActiveCfg = Alpha|Any CPU
		{320A74DD-9C03-4906-A1AF-0D8A3036C9E0}.Alpha|Any CPU.Build.0 = Alpha|Any CPU
		{320A74DD-9C03-4906-A1AF-0D8A3036C9E0}.Alpha|x64.ActiveCfg = Alpha|Any CPU
		{320A74DD-9C03-4906-A1AF-0D8A3036C9E0}.Alpha|x64.Build.0 = Alpha|Any CPU
		{320A74DD-9C03-4906-A1AF-0D8A3036C9E0}.Alpha|x86.ActiveCfg = Alpha|Any CPU
		{320A74DD-9C03-4906-A1AF-0D8A3036C9E0}.Alpha|x86.Build.0 = Alpha|Any CPU
		{320A74DD-9C03-4906-A1AF-0D8A3036C9E0}.Debug|Any CPU.ActiveCfg = Debug|Any CPU
		{320A74DD-9C03-4906-A1AF-0D8A3036C9E0}.Debug|Any CPU.Build.0 = Debug|Any CPU
		{320A74DD-9C03-4906-A1AF-0D8A3036C9E0}.Debug|x64.ActiveCfg = Debug|Any CPU
		{320A74DD-9C03-4906-A1AF-0D8A3036C9E0}.Debug|x64.Build.0 = Debug|Any CPU
		{320A74DD-9C03-4906-A1AF-0D8A3036C9E0}.Debug|x86.ActiveCfg = Debug|Any CPU
		{320A74DD-9C03-4906-A1AF-0D8A3036C9E0}.Debug|x86.Build.0 = Debug|Any CPU
		{320A74DD-9C03-4906-A1AF-0D8A3036C9E0}.Release|Any CPU.ActiveCfg = Release|Any CPU
		{320A74DD-9C03-4906-A1AF-0D8A3036C9E0}.Release|Any CPU.Build.0 = Release|Any CPU
		{320A74DD-9C03-4906-A1AF-0D8A3036C9E0}.Release|x64.ActiveCfg = Release|Any CPU
		{320A74DD-9C03-4906-A1AF-0D8A3036C9E0}.Release|x64.Build.0 = Release|Any CPU
		{320A74DD-9C03-4906-A1AF-0D8A3036C9E0}.Release|x86.ActiveCfg = Release|Any CPU
		{320A74DD-9C03-4906-A1AF-0D8A3036C9E0}.Release|x86.Build.0 = Release|Any CPU
		{F4271600-F608-4F7F-9A8D-DB527C3C0251}.Alpha|Any CPU.ActiveCfg = Alpha|Any CPU
		{F4271600-F608-4F7F-9A8D-DB527C3C0251}.Alpha|Any CPU.Build.0 = Alpha|Any CPU
		{F4271600-F608-4F7F-9A8D-DB527C3C0251}.Alpha|x64.ActiveCfg = Alpha|Any CPU
		{F4271600-F608-4F7F-9A8D-DB527C3C0251}.Alpha|x64.Build.0 = Alpha|Any CPU
		{F4271600-F608-4F7F-9A8D-DB527C3C0251}.Alpha|x86.ActiveCfg = Alpha|Any CPU
		{F4271600-F608-4F7F-9A8D-DB527C3C0251}.Alpha|x86.Build.0 = Alpha|Any CPU
		{F4271600-F608-4F7F-9A8D-DB527C3C0251}.Debug|Any CPU.ActiveCfg = Debug|Any CPU
		{F4271600-F608-4F7F-9A8D-DB527C3C0251}.Debug|Any CPU.Build.0 = Debug|Any CPU
		{F4271600-F608-4F7F-9A8D-DB527C3C0251}.Debug|x64.ActiveCfg = Debug|Any CPU
		{F4271600-F608-4F7F-9A8D-DB527C3C0251}.Debug|x64.Build.0 = Debug|Any CPU
		{F4271600-F608-4F7F-9A8D-DB527C3C0251}.Debug|x86.ActiveCfg = Debug|Any CPU
		{F4271600-F608-4F7F-9A8D-DB527C3C0251}.Debug|x86.Build.0 = Debug|Any CPU
		{F4271600-F608-4F7F-9A8D-DB527C3C0251}.Release|Any CPU.ActiveCfg = Release|Any CPU
		{F4271600-F608-4F7F-9A8D-DB527C3C0251}.Release|Any CPU.Build.0 = Release|Any CPU
		{F4271600-F608-4F7F-9A8D-DB527C3C0251}.Release|x64.ActiveCfg = Release|Any CPU
		{F4271600-F608-4F7F-9A8D-DB527C3C0251}.Release|x64.Build.0 = Release|Any CPU
		{F4271600-F608-4F7F-9A8D-DB527C3C0251}.Release|x86.ActiveCfg = Release|Any CPU
		{F4271600-F608-4F7F-9A8D-DB527C3C0251}.Release|x86.Build.0 = Release|Any CPU
		{5056A407-82AE-41C6-A866-F7D3BDD44514}.Alpha|Any CPU.ActiveCfg = Alpha|Any CPU
		{5056A407-82AE-41C6-A866-F7D3BDD44514}.Alpha|Any CPU.Build.0 = Alpha|Any CPU
		{5056A407-82AE-41C6-A866-F7D3BDD44514}.Alpha|x64.ActiveCfg = Alpha|Any CPU
		{5056A407-82AE-41C6-A866-F7D3BDD44514}.Alpha|x64.Build.0 = Alpha|Any CPU
		{5056A407-82AE-41C6-A866-F7D3BDD44514}.Alpha|x86.ActiveCfg = Alpha|Any CPU
		{5056A407-82AE-41C6-A866-F7D3BDD44514}.Alpha|x86.Build.0 = Alpha|Any CPU
		{5056A407-82AE-41C6-A866-F7D3BDD44514}.Debug|Any CPU.ActiveCfg = Debug|Any CPU
		{5056A407-82AE-41C6-A866-F7D3BDD44514}.Debug|Any CPU.Build.0 = Debug|Any CPU
		{5056A407-82AE-41C6-A866-F7D3BDD44514}.Debug|x64.ActiveCfg = Debug|Any CPU
		{5056A407-82AE-41C6-A866-F7D3BDD44514}.Debug|x64.Build.0 = Debug|Any CPU
		{5056A407-82AE-41C6-A866-F7D3BDD44514}.Debug|x86.ActiveCfg = Debug|Any CPU
		{5056A407-82AE-41C6-A866-F7D3BDD44514}.Debug|x86.Build.0 = Debug|Any CPU
		{5056A407-82AE-41C6-A866-F7D3BDD44514}.Release|Any CPU.ActiveCfg = Release|Any CPU
		{5056A407-82AE-41C6-A866-F7D3BDD44514}.Release|Any CPU.Build.0 = Release|Any CPU
		{5056A407-82AE-41C6-A866-F7D3BDD44514}.Release|x64.ActiveCfg = Release|Any CPU
		{5056A407-82AE-41C6-A866-F7D3BDD44514}.Release|x64.Build.0 = Release|Any CPU
		{5056A407-82AE-41C6-A866-F7D3BDD44514}.Release|x86.ActiveCfg = Release|Any CPU
		{5056A407-82AE-41C6-A866-F7D3BDD44514}.Release|x86.Build.0 = Release|Any CPU
		{4E1F1333-8227-4F9D-8001-7F61CC2E4E32}.Alpha|Any CPU.ActiveCfg = Alpha|Any CPU
		{4E1F1333-8227-4F9D-8001-7F61CC2E4E32}.Alpha|Any CPU.Build.0 = Alpha|Any CPU
		{4E1F1333-8227-4F9D-8001-7F61CC2E4E32}.Alpha|x64.ActiveCfg = Alpha|Any CPU
		{4E1F1333-8227-4F9D-8001-7F61CC2E4E32}.Alpha|x64.Build.0 = Alpha|Any CPU
		{4E1F1333-8227-4F9D-8001-7F61CC2E4E32}.Alpha|x86.ActiveCfg = Alpha|Any CPU
		{4E1F1333-8227-4F9D-8001-7F61CC2E4E32}.Alpha|x86.Build.0 = Alpha|Any CPU
		{4E1F1333-8227-4F9D-8001-7F61CC2E4E32}.Debug|Any CPU.ActiveCfg = Debug|Any CPU
		{4E1F1333-8227-4F9D-8001-7F61CC2E4E32}.Debug|Any CPU.Build.0 = Debug|Any CPU
		{4E1F1333-8227-4F9D-8001-7F61CC2E4E32}.Debug|x64.ActiveCfg = Debug|Any CPU
		{4E1F1333-8227-4F9D-8001-7F61CC2E4E32}.Debug|x64.Build.0 = Debug|Any CPU
		{4E1F1333-8227-4F9D-8001-7F61CC2E4E32}.Debug|x86.ActiveCfg = Debug|Any CPU
		{4E1F1333-8227-4F9D-8001-7F61CC2E4E32}.Debug|x86.Build.0 = Debug|Any CPU
		{4E1F1333-8227-4F9D-8001-7F61CC2E4E32}.Release|Any CPU.ActiveCfg = Release|Any CPU
		{4E1F1333-8227-4F9D-8001-7F61CC2E4E32}.Release|Any CPU.Build.0 = Release|Any CPU
		{4E1F1333-8227-4F9D-8001-7F61CC2E4E32}.Release|x64.ActiveCfg = Release|Any CPU
		{4E1F1333-8227-4F9D-8001-7F61CC2E4E32}.Release|x64.Build.0 = Release|Any CPU
		{4E1F1333-8227-4F9D-8001-7F61CC2E4E32}.Release|x86.ActiveCfg = Release|Any CPU
		{4E1F1333-8227-4F9D-8001-7F61CC2E4E32}.Release|x86.Build.0 = Release|Any CPU
		{35789CB2-9651-4A19-A25D-82FA349D397B}.Alpha|Any CPU.ActiveCfg = Alpha|Any CPU
		{35789CB2-9651-4A19-A25D-82FA349D397B}.Alpha|Any CPU.Build.0 = Alpha|Any CPU
		{35789CB2-9651-4A19-A25D-82FA349D397B}.Alpha|x64.ActiveCfg = Alpha|Any CPU
		{35789CB2-9651-4A19-A25D-82FA349D397B}.Alpha|x64.Build.0 = Alpha|Any CPU
		{35789CB2-9651-4A19-A25D-82FA349D397B}.Alpha|x86.ActiveCfg = Alpha|Any CPU
		{35789CB2-9651-4A19-A25D-82FA349D397B}.Alpha|x86.Build.0 = Alpha|Any CPU
		{35789CB2-9651-4A19-A25D-82FA349D397B}.Debug|Any CPU.ActiveCfg = Debug|Any CPU
		{35789CB2-9651-4A19-A25D-82FA349D397B}.Debug|Any CPU.Build.0 = Debug|Any CPU
		{35789CB2-9651-4A19-A25D-82FA349D397B}.Debug|x64.ActiveCfg = Debug|Any CPU
		{35789CB2-9651-4A19-A25D-82FA349D397B}.Debug|x64.Build.0 = Debug|Any CPU
		{35789CB2-9651-4A19-A25D-82FA349D397B}.Debug|x86.ActiveCfg = Debug|Any CPU
		{35789CB2-9651-4A19-A25D-82FA349D397B}.Debug|x86.Build.0 = Debug|Any CPU
		{35789CB2-9651-4A19-A25D-82FA349D397B}.Release|Any CPU.ActiveCfg = Release|Any CPU
		{35789CB2-9651-4A19-A25D-82FA349D397B}.Release|Any CPU.Build.0 = Release|Any CPU
		{35789CB2-9651-4A19-A25D-82FA349D397B}.Release|x64.ActiveCfg = Release|Any CPU
		{35789CB2-9651-4A19-A25D-82FA349D397B}.Release|x64.Build.0 = Release|Any CPU
		{35789CB2-9651-4A19-A25D-82FA349D397B}.Release|x86.ActiveCfg = Release|Any CPU
		{35789CB2-9651-4A19-A25D-82FA349D397B}.Release|x86.Build.0 = Release|Any CPU
		{437BC91A-40B8-41DC-944A-164DD995D1F0}.Alpha|Any CPU.ActiveCfg = Alpha|Any CPU
		{437BC91A-40B8-41DC-944A-164DD995D1F0}.Alpha|Any CPU.Build.0 = Alpha|Any CPU
		{437BC91A-40B8-41DC-944A-164DD995D1F0}.Alpha|x64.ActiveCfg = Alpha|Any CPU
		{437BC91A-40B8-41DC-944A-164DD995D1F0}.Alpha|x64.Build.0 = Alpha|Any CPU
		{437BC91A-40B8-41DC-944A-164DD995D1F0}.Alpha|x86.ActiveCfg = Alpha|Any CPU
		{437BC91A-40B8-41DC-944A-164DD995D1F0}.Alpha|x86.Build.0 = Alpha|Any CPU
		{437BC91A-40B8-41DC-944A-164DD995D1F0}.Debug|Any CPU.ActiveCfg = Debug|Any CPU
		{437BC91A-40B8-41DC-944A-164DD995D1F0}.Debug|Any CPU.Build.0 = Debug|Any CPU
		{437BC91A-40B8-41DC-944A-164DD995D1F0}.Debug|x64.ActiveCfg = Debug|Any CPU
		{437BC91A-40B8-41DC-944A-164DD995D1F0}.Debug|x64.Build.0 = Debug|Any CPU
		{437BC91A-40B8-41DC-944A-164DD995D1F0}.Debug|x86.ActiveCfg = Debug|Any CPU
		{437BC91A-40B8-41DC-944A-164DD995D1F0}.Debug|x86.Build.0 = Debug|Any CPU
		{437BC91A-40B8-41DC-944A-164DD995D1F0}.Release|Any CPU.ActiveCfg = Release|Any CPU
		{437BC91A-40B8-41DC-944A-164DD995D1F0}.Release|Any CPU.Build.0 = Release|Any CPU
		{437BC91A-40B8-41DC-944A-164DD995D1F0}.Release|x64.ActiveCfg = Release|Any CPU
		{437BC91A-40B8-41DC-944A-164DD995D1F0}.Release|x64.Build.0 = Release|Any CPU
		{437BC91A-40B8-41DC-944A-164DD995D1F0}.Release|x86.ActiveCfg = Release|Any CPU
		{437BC91A-40B8-41DC-944A-164DD995D1F0}.Release|x86.Build.0 = Release|Any CPU
		{EBB56F57-A884-4825-AB69-92F5F2DA91A0}.Alpha|Any CPU.ActiveCfg = Alpha|Any CPU
		{EBB56F57-A884-4825-AB69-92F5F2DA91A0}.Alpha|Any CPU.Build.0 = Alpha|Any CPU
		{EBB56F57-A884-4825-AB69-92F5F2DA91A0}.Alpha|x64.ActiveCfg = Alpha|Any CPU
		{EBB56F57-A884-4825-AB69-92F5F2DA91A0}.Alpha|x64.Build.0 = Alpha|Any CPU
		{EBB56F57-A884-4825-AB69-92F5F2DA91A0}.Alpha|x86.ActiveCfg = Alpha|Any CPU
		{EBB56F57-A884-4825-AB69-92F5F2DA91A0}.Alpha|x86.Build.0 = Alpha|Any CPU
		{EBB56F57-A884-4825-AB69-92F5F2DA91A0}.Debug|Any CPU.ActiveCfg = Debug|Any CPU
		{EBB56F57-A884-4825-AB69-92F5F2DA91A0}.Debug|Any CPU.Build.0 = Debug|Any CPU
		{EBB56F57-A884-4825-AB69-92F5F2DA91A0}.Debug|x64.ActiveCfg = Debug|Any CPU
		{EBB56F57-A884-4825-AB69-92F5F2DA91A0}.Debug|x64.Build.0 = Debug|Any CPU
		{EBB56F57-A884-4825-AB69-92F5F2DA91A0}.Debug|x86.ActiveCfg = Debug|Any CPU
		{EBB56F57-A884-4825-AB69-92F5F2DA91A0}.Debug|x86.Build.0 = Debug|Any CPU
		{EBB56F57-A884-4825-AB69-92F5F2DA91A0}.Release|Any CPU.ActiveCfg = Release|Any CPU
		{EBB56F57-A884-4825-AB69-92F5F2DA91A0}.Release|Any CPU.Build.0 = Release|Any CPU
		{EBB56F57-A884-4825-AB69-92F5F2DA91A0}.Release|x64.ActiveCfg = Release|Any CPU
		{EBB56F57-A884-4825-AB69-92F5F2DA91A0}.Release|x64.Build.0 = Release|Any CPU
		{EBB56F57-A884-4825-AB69-92F5F2DA91A0}.Release|x86.ActiveCfg = Release|Any CPU
		{EBB56F57-A884-4825-AB69-92F5F2DA91A0}.Release|x86.Build.0 = Release|Any CPU
		{B91FBB15-A277-4C98-821A-9EE83EE45FF1}.Alpha|Any CPU.ActiveCfg = Alpha|Any CPU
		{B91FBB15-A277-4C98-821A-9EE83EE45FF1}.Alpha|Any CPU.Build.0 = Alpha|Any CPU
		{B91FBB15-A277-4C98-821A-9EE83EE45FF1}.Alpha|x64.ActiveCfg = Alpha|Any CPU
		{B91FBB15-A277-4C98-821A-9EE83EE45FF1}.Alpha|x64.Build.0 = Alpha|Any CPU
		{B91FBB15-A277-4C98-821A-9EE83EE45FF1}.Alpha|x86.ActiveCfg = Alpha|Any CPU
		{B91FBB15-A277-4C98-821A-9EE83EE45FF1}.Alpha|x86.Build.0 = Alpha|Any CPU
		{B91FBB15-A277-4C98-821A-9EE83EE45FF1}.Debug|Any CPU.ActiveCfg = Debug|Any CPU
		{B91FBB15-A277-4C98-821A-9EE83EE45FF1}.Debug|Any CPU.Build.0 = Debug|Any CPU
		{B91FBB15-A277-4C98-821A-9EE83EE45FF1}.Debug|x64.ActiveCfg = Debug|Any CPU
		{B91FBB15-A277-4C98-821A-9EE83EE45FF1}.Debug|x64.Build.0 = Debug|Any CPU
		{B91FBB15-A277-4C98-821A-9EE83EE45FF1}.Debug|x86.ActiveCfg = Debug|Any CPU
		{B91FBB15-A277-4C98-821A-9EE83EE45FF1}.Debug|x86.Build.0 = Debug|Any CPU
		{B91FBB15-A277-4C98-821A-9EE83EE45FF1}.Release|Any CPU.ActiveCfg = Release|Any CPU
		{B91FBB15-A277-4C98-821A-9EE83EE45FF1}.Release|Any CPU.Build.0 = Release|Any CPU
		{B91FBB15-A277-4C98-821A-9EE83EE45FF1}.Release|x64.ActiveCfg = Release|Any CPU
		{B91FBB15-A277-4C98-821A-9EE83EE45FF1}.Release|x64.Build.0 = Release|Any CPU
		{B91FBB15-A277-4C98-821A-9EE83EE45FF1}.Release|x86.ActiveCfg = Release|Any CPU
		{B91FBB15-A277-4C98-821A-9EE83EE45FF1}.Release|x86.Build.0 = Release|Any CPU
		{5AD8E90F-E8FE-42A9-9C11-9301990ACC13}.Alpha|Any CPU.ActiveCfg = Alpha|Any CPU
		{5AD8E90F-E8FE-42A9-9C11-9301990ACC13}.Alpha|Any CPU.Build.0 = Alpha|Any CPU
		{5AD8E90F-E8FE-42A9-9C11-9301990ACC13}.Alpha|x64.ActiveCfg = Alpha|Any CPU
		{5AD8E90F-E8FE-42A9-9C11-9301990ACC13}.Alpha|x64.Build.0 = Alpha|Any CPU
		{5AD8E90F-E8FE-42A9-9C11-9301990ACC13}.Alpha|x86.ActiveCfg = Alpha|Any CPU
		{5AD8E90F-E8FE-42A9-9C11-9301990ACC13}.Alpha|x86.Build.0 = Alpha|Any CPU
		{5AD8E90F-E8FE-42A9-9C11-9301990ACC13}.Debug|Any CPU.ActiveCfg = Debug|Any CPU
		{5AD8E90F-E8FE-42A9-9C11-9301990ACC13}.Debug|Any CPU.Build.0 = Debug|Any CPU
		{5AD8E90F-E8FE-42A9-9C11-9301990ACC13}.Debug|x64.ActiveCfg = Debug|Any CPU
		{5AD8E90F-E8FE-42A9-9C11-9301990ACC13}.Debug|x64.Build.0 = Debug|Any CPU
		{5AD8E90F-E8FE-42A9-9C11-9301990ACC13}.Debug|x86.ActiveCfg = Debug|Any CPU
		{5AD8E90F-E8FE-42A9-9C11-9301990ACC13}.Debug|x86.Build.0 = Debug|Any CPU
		{5AD8E90F-E8FE-42A9-9C11-9301990ACC13}.Release|Any CPU.ActiveCfg = Release|Any CPU
		{5AD8E90F-E8FE-42A9-9C11-9301990ACC13}.Release|Any CPU.Build.0 = Release|Any CPU
		{5AD8E90F-E8FE-42A9-9C11-9301990ACC13}.Release|x64.ActiveCfg = Release|Any CPU
		{5AD8E90F-E8FE-42A9-9C11-9301990ACC13}.Release|x64.Build.0 = Release|Any CPU
		{5AD8E90F-E8FE-42A9-9C11-9301990ACC13}.Release|x86.ActiveCfg = Release|Any CPU
		{5AD8E90F-E8FE-42A9-9C11-9301990ACC13}.Release|x86.Build.0 = Release|Any CPU
		{563D7262-21F2-4902-AF0C-E5A763591860}.Alpha|Any CPU.ActiveCfg = Alpha|Any CPU
		{563D7262-21F2-4902-AF0C-E5A763591860}.Alpha|Any CPU.Build.0 = Alpha|Any CPU
		{563D7262-21F2-4902-AF0C-E5A763591860}.Alpha|x64.ActiveCfg = Alpha|Any CPU
		{563D7262-21F2-4902-AF0C-E5A763591860}.Alpha|x64.Build.0 = Alpha|Any CPU
		{563D7262-21F2-4902-AF0C-E5A763591860}.Alpha|x86.ActiveCfg = Alpha|Any CPU
		{563D7262-21F2-4902-AF0C-E5A763591860}.Alpha|x86.Build.0 = Alpha|Any CPU
		{563D7262-21F2-4902-AF0C-E5A763591860}.Debug|Any CPU.ActiveCfg = Debug|Any CPU
		{563D7262-21F2-4902-AF0C-E5A763591860}.Debug|Any CPU.Build.0 = Debug|Any CPU
		{563D7262-21F2-4902-AF0C-E5A763591860}.Debug|x64.ActiveCfg = Debug|Any CPU
		{563D7262-21F2-4902-AF0C-E5A763591860}.Debug|x64.Build.0 = Debug|Any CPU
		{563D7262-21F2-4902-AF0C-E5A763591860}.Debug|x86.ActiveCfg = Debug|Any CPU
		{563D7262-21F2-4902-AF0C-E5A763591860}.Debug|x86.Build.0 = Debug|Any CPU
		{563D7262-21F2-4902-AF0C-E5A763591860}.Release|Any CPU.ActiveCfg = Release|Any CPU
		{563D7262-21F2-4902-AF0C-E5A763591860}.Release|Any CPU.Build.0 = Release|Any CPU
		{563D7262-21F2-4902-AF0C-E5A763591860}.Release|x64.ActiveCfg = Release|Any CPU
		{563D7262-21F2-4902-AF0C-E5A763591860}.Release|x64.Build.0 = Release|Any CPU
		{563D7262-21F2-4902-AF0C-E5A763591860}.Release|x86.ActiveCfg = Release|Any CPU
		{563D7262-21F2-4902-AF0C-E5A763591860}.Release|x86.Build.0 = Release|Any CPU
		{EB8CD83B-3F8B-4F05-B3D9-9BB25BAC5F6B}.Alpha|Any CPU.ActiveCfg = Alpha|Any CPU
		{EB8CD83B-3F8B-4F05-B3D9-9BB25BAC5F6B}.Alpha|Any CPU.Build.0 = Alpha|Any CPU
		{EB8CD83B-3F8B-4F05-B3D9-9BB25BAC5F6B}.Alpha|x64.ActiveCfg = Alpha|Any CPU
		{EB8CD83B-3F8B-4F05-B3D9-9BB25BAC5F6B}.Alpha|x64.Build.0 = Alpha|Any CPU
		{EB8CD83B-3F8B-4F05-B3D9-9BB25BAC5F6B}.Alpha|x86.ActiveCfg = Alpha|Any CPU
		{EB8CD83B-3F8B-4F05-B3D9-9BB25BAC5F6B}.Alpha|x86.Build.0 = Alpha|Any CPU
		{EB8CD83B-3F8B-4F05-B3D9-9BB25BAC5F6B}.Debug|Any CPU.ActiveCfg = Debug|Any CPU
		{EB8CD83B-3F8B-4F05-B3D9-9BB25BAC5F6B}.Debug|Any CPU.Build.0 = Debug|Any CPU
		{EB8CD83B-3F8B-4F05-B3D9-9BB25BAC5F6B}.Debug|x64.ActiveCfg = Debug|Any CPU
		{EB8CD83B-3F8B-4F05-B3D9-9BB25BAC5F6B}.Debug|x64.Build.0 = Debug|Any CPU
		{EB8CD83B-3F8B-4F05-B3D9-9BB25BAC5F6B}.Debug|x86.ActiveCfg = Debug|Any CPU
		{EB8CD83B-3F8B-4F05-B3D9-9BB25BAC5F6B}.Debug|x86.Build.0 = Debug|Any CPU
		{EB8CD83B-3F8B-4F05-B3D9-9BB25BAC5F6B}.Release|Any CPU.ActiveCfg = Release|Any CPU
		{EB8CD83B-3F8B-4F05-B3D9-9BB25BAC5F6B}.Release|Any CPU.Build.0 = Release|Any CPU
		{EB8CD83B-3F8B-4F05-B3D9-9BB25BAC5F6B}.Release|x64.ActiveCfg = Release|Any CPU
		{EB8CD83B-3F8B-4F05-B3D9-9BB25BAC5F6B}.Release|x64.Build.0 = Release|Any CPU
		{EB8CD83B-3F8B-4F05-B3D9-9BB25BAC5F6B}.Release|x86.ActiveCfg = Release|Any CPU
		{EB8CD83B-3F8B-4F05-B3D9-9BB25BAC5F6B}.Release|x86.Build.0 = Release|Any CPU
		{C7E8F432-1A9B-4D2E-A6F3-8B5C92D41E7A}.Alpha|Any CPU.ActiveCfg = Alpha|Any CPU
		{C7E8F432-1A9B-4D2E-A6F3-8B5C92D41E7A}.Alpha|Any CPU.Build.0 = Alpha|Any CPU
		{C7E8F432-1A9B-4D2E-A6F3-8B5C92D41E7A}.Alpha|x64.ActiveCfg = Alpha|Any CPU
		{C7E8F432-1A9B-4D2E-A6F3-8B5C92D41E7A}.Alpha|x64.Build.0 = Alpha|Any CPU
		{C7E8F432-1A9B-4D2E-A6F3-8B5C92D41E7A}.Alpha|x86.ActiveCfg = Alpha|Any CPU
		{C7E8F432-1A9B-4D2E-A6F3-8B5C92D41E7A}.Alpha|x86.Build.0 = Alpha|Any CPU
		{C7E8F432-1A9B-4D2E-A6F3-8B5C92D41E7A}.Debug|Any CPU.ActiveCfg = Debug|Any CPU
		{C7E8F432-1A9B-4D2E-A6F3-8B5C92D41E7A}.Debug|Any CPU.Build.0 = Debug|Any CPU
		{C7E8F432-1A9B-4D2E-A6F3-8B5C92D41E7A}.Debug|x64.ActiveCfg = Debug|Any CPU
		{C7E8F432-1A9B-4D2E-A6F3-8B5C92D41E7A}.Debug|x64.Build.0 = Debug|Any CPU
		{C7E8F432-1A9B-4D2E-A6F3-8B5C92D41E7A}.Debug|x86.ActiveCfg = Debug|Any CPU
		{C7E8F432-1A9B-4D2E-A6F3-8B5C92D41E7A}.Debug|x86.Build.0 = Debug|Any CPU
		{C7E8F432-1A9B-4D2E-A6F3-8B5C92D41E7A}.Release|Any CPU.ActiveCfg = Release|Any CPU
		{C7E8F432-1A9B-4D2E-A6F3-8B5C92D41E7A}.Release|Any CPU.Build.0 = Release|Any CPU
		{C7E8F432-1A9B-4D2E-A6F3-8B5C92D41E7A}.Release|x64.ActiveCfg = Release|Any CPU
		{C7E8F432-1A9B-4D2E-A6F3-8B5C92D41E7A}.Release|x64.Build.0 = Release|Any CPU
		{C7E8F432-1A9B-4D2E-A6F3-8B5C92D41E7A}.Release|x86.ActiveCfg = Release|Any CPU
		{C7E8F432-1A9B-4D2E-A6F3-8B5C92D41E7A}.Release|x86.Build.0 = Release|Any CPU
		{D8F9A543-2BAC-5E3F-B7A4-9C6D03E52F8B}.Alpha|Any CPU.ActiveCfg = Alpha|Any CPU
		{D8F9A543-2BAC-5E3F-B7A4-9C6D03E52F8B}.Alpha|Any CPU.Build.0 = Alpha|Any CPU
		{D8F9A543-2BAC-5E3F-B7A4-9C6D03E52F8B}.Alpha|x64.ActiveCfg = Alpha|Any CPU
		{D8F9A543-2BAC-5E3F-B7A4-9C6D03E52F8B}.Alpha|x64.Build.0 = Alpha|Any CPU
		{D8F9A543-2BAC-5E3F-B7A4-9C6D03E52F8B}.Alpha|x86.ActiveCfg = Alpha|Any CPU
		{D8F9A543-2BAC-5E3F-B7A4-9C6D03E52F8B}.Alpha|x86.Build.0 = Alpha|Any CPU
		{D8F9A543-2BAC-5E3F-B7A4-9C6D03E52F8B}.Debug|Any CPU.ActiveCfg = Debug|Any CPU
		{D8F9A543-2BAC-5E3F-B7A4-9C6D03E52F8B}.Debug|Any CPU.Build.0 = Debug|Any CPU
		{D8F9A543-2BAC-5E3F-B7A4-9C6D03E52F8B}.Debug|x64.ActiveCfg = Debug|Any CPU
		{D8F9A543-2BAC-5E3F-B7A4-9C6D03E52F8B}.Debug|x64.Build.0 = Debug|Any CPU
		{D8F9A543-2BAC-5E3F-B7A4-9C6D03E52F8B}.Debug|x86.ActiveCfg = Debug|Any CPU
		{D8F9A543-2BAC-5E3F-B7A4-9C6D03E52F8B}.Debug|x86.Build.0 = Debug|Any CPU
		{D8F9A543-2BAC-5E3F-B7A4-9C6D03E52F8B}.Release|Any CPU.ActiveCfg = Release|Any CPU
		{D8F9A543-2BAC-5E3F-B7A4-9C6D03E52F8B}.Release|Any CPU.Build.0 = Release|Any CPU
		{D8F9A543-2BAC-5E3F-B7A4-9C6D03E52F8B}.Release|x64.ActiveCfg = Release|Any CPU
		{D8F9A543-2BAC-5E3F-B7A4-9C6D03E52F8B}.Release|x64.Build.0 = Release|Any CPU
		{D8F9A543-2BAC-5E3F-B7A4-9C6D03E52F8B}.Release|x86.ActiveCfg = Release|Any CPU
		{D8F9A543-2BAC-5E3F-B7A4-9C6D03E52F8B}.Release|x86.Build.0 = Release|Any CPU
		{0CA43E85-A384-4364-8442-FD1B302F81DD}.Alpha|Any CPU.ActiveCfg = Alpha|Any CPU
		{0CA43E85-A384-4364-8442-FD1B302F81DD}.Alpha|Any CPU.Build.0 = Alpha|Any CPU
		{0CA43E85-A384-4364-8442-FD1B302F81DD}.Alpha|x64.ActiveCfg = Alpha|Any CPU
		{0CA43E85-A384-4364-8442-FD1B302F81DD}.Alpha|x64.Build.0 = Alpha|Any CPU
		{0CA43E85-A384-4364-8442-FD1B302F81DD}.Alpha|x86.ActiveCfg = Alpha|Any CPU
		{0CA43E85-A384-4364-8442-FD1B302F81DD}.Alpha|x86.Build.0 = Alpha|Any CPU
		{0CA43E85-A384-4364-8442-FD1B302F81DD}.Debug|Any CPU.ActiveCfg = Debug|Any CPU
		{0CA43E85-A384-4364-8442-FD1B302F81DD}.Debug|Any CPU.Build.0 = Debug|Any CPU
		{0CA43E85-A384-4364-8442-FD1B302F81DD}.Debug|x64.ActiveCfg = Debug|Any CPU
		{0CA43E85-A384-4364-8442-FD1B302F81DD}.Debug|x64.Build.0 = Debug|Any CPU
		{0CA43E85-A384-4364-8442-FD1B302F81DD}.Debug|x86.ActiveCfg = Debug|Any CPU
		{0CA43E85-A384-4364-8442-FD1B302F81DD}.Debug|x86.Build.0 = Debug|Any CPU
		{0CA43E85-A384-4364-8442-FD1B302F81DD}.Release|Any CPU.ActiveCfg = Release|Any CPU
		{0CA43E85-A384-4364-8442-FD1B302F81DD}.Release|Any CPU.Build.0 = Release|Any CPU
		{0CA43E85-A384-4364-8442-FD1B302F81DD}.Release|x64.ActiveCfg = Release|Any CPU
		{0CA43E85-A384-4364-8442-FD1B302F81DD}.Release|x64.Build.0 = Release|Any CPU
		{0CA43E85-A384-4364-8442-FD1B302F81DD}.Release|x86.ActiveCfg = Release|Any CPU
		{0CA43E85-A384-4364-8442-FD1B302F81DD}.Release|x86.Build.0 = Release|Any CPU
		{3F865372-4DE5-48A5-8A62-803D48B90EA3}.Alpha|Any CPU.ActiveCfg = Alpha|Any CPU
		{3F865372-4DE5-48A5-8A62-803D48B90EA3}.Alpha|Any CPU.Build.0 = Alpha|Any CPU
		{3F865372-4DE5-48A5-8A62-803D48B90EA3}.Alpha|x64.ActiveCfg = Alpha|Any CPU
		{3F865372-4DE5-48A5-8A62-803D48B90EA3}.Alpha|x64.Build.0 = Alpha|Any CPU
		{3F865372-4DE5-48A5-8A62-803D48B90EA3}.Alpha|x86.ActiveCfg = Alpha|Any CPU
		{3F865372-4DE5-48A5-8A62-803D48B90EA3}.Alpha|x86.Build.0 = Alpha|Any CPU
		{3F865372-4DE5-48A5-8A62-803D48B90EA3}.Debug|Any CPU.ActiveCfg = Debug|Any CPU
		{3F865372-4DE5-48A5-8A62-803D48B90EA3}.Debug|Any CPU.Build.0 = Debug|Any CPU
		{3F865372-4DE5-48A5-8A62-803D48B90EA3}.Debug|x64.ActiveCfg = Debug|Any CPU
		{3F865372-4DE5-48A5-8A62-803D48B90EA3}.Debug|x64.Build.0 = Debug|Any CPU
		{3F865372-4DE5-48A5-8A62-803D48B90EA3}.Debug|x86.ActiveCfg = Debug|Any CPU
		{3F865372-4DE5-48A5-8A62-803D48B90EA3}.Debug|x86.Build.0 = Debug|Any CPU
		{3F865372-4DE5-48A5-8A62-803D48B90EA3}.Release|Any CPU.ActiveCfg = Release|Any CPU
		{3F865372-4DE5-48A5-8A62-803D48B90EA3}.Release|Any CPU.Build.0 = Release|Any CPU
		{3F865372-4DE5-48A5-8A62-803D48B90EA3}.Release|x64.ActiveCfg = Release|Any CPU
		{3F865372-4DE5-48A5-8A62-803D48B90EA3}.Release|x64.Build.0 = Release|Any CPU
		{3F865372-4DE5-48A5-8A62-803D48B90EA3}.Release|x86.ActiveCfg = Release|Any CPU
		{3F865372-4DE5-48A5-8A62-803D48B90EA3}.Release|x86.Build.0 = Release|Any CPU
		{A1B2C3D4-E5F6-7890-ABCD-EF1234567890}.Alpha|Any CPU.ActiveCfg = Alpha|Any CPU
		{A1B2C3D4-E5F6-7890-ABCD-EF1234567890}.Alpha|Any CPU.Build.0 = Alpha|Any CPU
		{A1B2C3D4-E5F6-7890-ABCD-EF1234567890}.Alpha|x64.ActiveCfg = Alpha|Any CPU
		{A1B2C3D4-E5F6-7890-ABCD-EF1234567890}.Alpha|x64.Build.0 = Alpha|Any CPU
		{A1B2C3D4-E5F6-7890-ABCD-EF1234567890}.Alpha|x86.ActiveCfg = Alpha|Any CPU
		{A1B2C3D4-E5F6-7890-ABCD-EF1234567890}.Alpha|x86.Build.0 = Alpha|Any CPU
		{A1B2C3D4-E5F6-7890-ABCD-EF1234567890}.Debug|Any CPU.ActiveCfg = Debug|Any CPU
		{A1B2C3D4-E5F6-7890-ABCD-EF1234567890}.Debug|Any CPU.Build.0 = Debug|Any CPU
		{A1B2C3D4-E5F6-7890-ABCD-EF1234567890}.Debug|x64.ActiveCfg = Debug|Any CPU
		{A1B2C3D4-E5F6-7890-ABCD-EF1234567890}.Debug|x64.Build.0 = Debug|Any CPU
		{A1B2C3D4-E5F6-7890-ABCD-EF1234567890}.Debug|x86.ActiveCfg = Debug|Any CPU
		{A1B2C3D4-E5F6-7890-ABCD-EF1234567890}.Debug|x86.Build.0 = Debug|Any CPU
		{A1B2C3D4-E5F6-7890-ABCD-EF1234567890}.Release|Any CPU.ActiveCfg = Release|Any CPU
		{A1B2C3D4-E5F6-7890-ABCD-EF1234567890}.Release|Any CPU.Build.0 = Release|Any CPU
		{A1B2C3D4-E5F6-7890-ABCD-EF1234567890}.Release|x64.ActiveCfg = Release|Any CPU
		{A1B2C3D4-E5F6-7890-ABCD-EF1234567890}.Release|x64.Build.0 = Release|Any CPU
		{A1B2C3D4-E5F6-7890-ABCD-EF1234567890}.Release|x86.ActiveCfg = Release|Any CPU
		{A1B2C3D4-E5F6-7890-ABCD-EF1234567890}.Release|x86.Build.0 = Release|Any CPU
		{4E810C82-7642-4CC5-9082-F6889DB44517}.Alpha|Any CPU.ActiveCfg = Alpha|Any CPU
		{4E810C82-7642-4CC5-9082-F6889DB44517}.Alpha|Any CPU.Build.0 = Alpha|Any CPU
		{4E810C82-7642-4CC5-9082-F6889DB44517}.Alpha|x64.ActiveCfg = Alpha|Any CPU
		{4E810C82-7642-4CC5-9082-F6889DB44517}.Alpha|x64.Build.0 = Alpha|Any CPU
		{4E810C82-7642-4CC5-9082-F6889DB44517}.Alpha|x86.ActiveCfg = Alpha|Any CPU
		{4E810C82-7642-4CC5-9082-F6889DB44517}.Alpha|x86.Build.0 = Alpha|Any CPU
		{4E810C82-7642-4CC5-9082-F6889DB44517}.Debug|Any CPU.ActiveCfg = Debug|Any CPU
		{4E810C82-7642-4CC5-9082-F6889DB44517}.Debug|Any CPU.Build.0 = Debug|Any CPU
		{4E810C82-7642-4CC5-9082-F6889DB44517}.Debug|x64.ActiveCfg = Debug|Any CPU
		{4E810C82-7642-4CC5-9082-F6889DB44517}.Debug|x64.Build.0 = Debug|Any CPU
		{4E810C82-7642-4CC5-9082-F6889DB44517}.Debug|x86.ActiveCfg = Debug|Any CPU
		{4E810C82-7642-4CC5-9082-F6889DB44517}.Debug|x86.Build.0 = Debug|Any CPU
		{4E810C82-7642-4CC5-9082-F6889DB44517}.Release|Any CPU.ActiveCfg = Release|Any CPU
		{4E810C82-7642-4CC5-9082-F6889DB44517}.Release|Any CPU.Build.0 = Release|Any CPU
		{4E810C82-7642-4CC5-9082-F6889DB44517}.Release|x64.ActiveCfg = Release|Any CPU
		{4E810C82-7642-4CC5-9082-F6889DB44517}.Release|x64.Build.0 = Release|Any CPU
		{4E810C82-7642-4CC5-9082-F6889DB44517}.Release|x86.ActiveCfg = Release|Any CPU
		{4E810C82-7642-4CC5-9082-F6889DB44517}.Release|x86.Build.0 = Release|Any CPU
		{A2B3C4D5-E6F7-8901-BCDE-012345678901}.Alpha|Any CPU.ActiveCfg = Alpha|Any CPU
		{A2B3C4D5-E6F7-8901-BCDE-012345678901}.Alpha|Any CPU.Build.0 = Alpha|Any CPU
		{A2B3C4D5-E6F7-8901-BCDE-012345678901}.Alpha|x64.ActiveCfg = Alpha|Any CPU
		{A2B3C4D5-E6F7-8901-BCDE-012345678901}.Alpha|x64.Build.0 = Alpha|Any CPU
		{A2B3C4D5-E6F7-8901-BCDE-012345678901}.Alpha|x86.ActiveCfg = Alpha|Any CPU
		{A2B3C4D5-E6F7-8901-BCDE-012345678901}.Alpha|x86.Build.0 = Alpha|Any CPU
		{A2B3C4D5-E6F7-8901-BCDE-012345678901}.Debug|Any CPU.ActiveCfg = Debug|Any CPU
		{A2B3C4D5-E6F7-8901-BCDE-012345678901}.Debug|Any CPU.Build.0 = Debug|Any CPU
		{A2B3C4D5-E6F7-8901-BCDE-012345678901}.Debug|x64.ActiveCfg = Debug|Any CPU
		{A2B3C4D5-E6F7-8901-BCDE-012345678901}.Debug|x64.Build.0 = Debug|Any CPU
		{A2B3C4D5-E6F7-8901-BCDE-012345678901}.Debug|x86.ActiveCfg = Debug|Any CPU
		{A2B3C4D5-E6F7-8901-BCDE-012345678901}.Debug|x86.Build.0 = Debug|Any CPU
		{A2B3C4D5-E6F7-8901-BCDE-012345678901}.Release|Any CPU.ActiveCfg = Release|Any CPU
		{A2B3C4D5-E6F7-8901-BCDE-012345678901}.Release|Any CPU.Build.0 = Release|Any CPU
		{A2B3C4D5-E6F7-8901-BCDE-012345678901}.Release|x64.ActiveCfg = Release|Any CPU
		{A2B3C4D5-E6F7-8901-BCDE-012345678901}.Release|x64.Build.0 = Release|Any CPU
		{A2B3C4D5-E6F7-8901-BCDE-012345678901}.Release|x86.ActiveCfg = Release|Any CPU
		{A2B3C4D5-E6F7-8901-BCDE-012345678901}.Release|x86.Build.0 = Release|Any CPU
		{F2A3B4C5-D6E7-8901-BCDE-F12345678901}.Alpha|Any CPU.ActiveCfg = Alpha|Any CPU
		{F2A3B4C5-D6E7-8901-BCDE-F12345678901}.Alpha|Any CPU.Build.0 = Alpha|Any CPU
		{F2A3B4C5-D6E7-8901-BCDE-F12345678901}.Alpha|x64.ActiveCfg = Alpha|Any CPU
		{F2A3B4C5-D6E7-8901-BCDE-F12345678901}.Alpha|x64.Build.0 = Alpha|Any CPU
		{F2A3B4C5-D6E7-8901-BCDE-F12345678901}.Alpha|x86.ActiveCfg = Alpha|Any CPU
		{F2A3B4C5-D6E7-8901-BCDE-F12345678901}.Alpha|x86.Build.0 = Alpha|Any CPU
		{F2A3B4C5-D6E7-8901-BCDE-F12345678901}.Debug|Any CPU.ActiveCfg = Debug|Any CPU
		{F2A3B4C5-D6E7-8901-BCDE-F12345678901}.Debug|Any CPU.Build.0 = Debug|Any CPU
		{F2A3B4C5-D6E7-8901-BCDE-F12345678901}.Debug|x64.ActiveCfg = Debug|Any CPU
		{F2A3B4C5-D6E7-8901-BCDE-F12345678901}.Debug|x64.Build.0 = Debug|Any CPU
		{F2A3B4C5-D6E7-8901-BCDE-F12345678901}.Debug|x86.ActiveCfg = Debug|Any CPU
		{F2A3B4C5-D6E7-8901-BCDE-F12345678901}.Debug|x86.Build.0 = Debug|Any CPU
		{F2A3B4C5-D6E7-8901-BCDE-F12345678901}.Release|Any CPU.ActiveCfg = Release|Any CPU
		{F2A3B4C5-D6E7-8901-BCDE-F12345678901}.Release|Any CPU.Build.0 = Release|Any CPU
		{F2A3B4C5-D6E7-8901-BCDE-F12345678901}.Release|x64.ActiveCfg = Release|Any CPU
		{F2A3B4C5-D6E7-8901-BCDE-F12345678901}.Release|x64.Build.0 = Release|Any CPU
		{F2A3B4C5-D6E7-8901-BCDE-F12345678901}.Release|x86.ActiveCfg = Release|Any CPU
		{F2A3B4C5-D6E7-8901-BCDE-F12345678901}.Release|x86.Build.0 = Release|Any CPU
		{1F93817D-B3A0-4916-838A-458C2576E220}.Alpha|Any CPU.ActiveCfg = Alpha|Any CPU
		{1F93817D-B3A0-4916-838A-458C2576E220}.Alpha|Any CPU.Build.0 = Alpha|Any CPU
		{1F93817D-B3A0-4916-838A-458C2576E220}.Alpha|x64.ActiveCfg = Alpha|Any CPU
		{1F93817D-B3A0-4916-838A-458C2576E220}.Alpha|x64.Build.0 = Alpha|Any CPU
		{1F93817D-B3A0-4916-838A-458C2576E220}.Alpha|x86.ActiveCfg = Alpha|Any CPU
		{1F93817D-B3A0-4916-838A-458C2576E220}.Alpha|x86.Build.0 = Alpha|Any CPU
		{1F93817D-B3A0-4916-838A-458C2576E220}.Debug|Any CPU.ActiveCfg = Debug|Any CPU
		{1F93817D-B3A0-4916-838A-458C2576E220}.Debug|Any CPU.Build.0 = Debug|Any CPU
		{1F93817D-B3A0-4916-838A-458C2576E220}.Debug|x64.ActiveCfg = Debug|Any CPU
		{1F93817D-B3A0-4916-838A-458C2576E220}.Debug|x64.Build.0 = Debug|Any CPU
		{1F93817D-B3A0-4916-838A-458C2576E220}.Debug|x86.ActiveCfg = Debug|Any CPU
		{1F93817D-B3A0-4916-838A-458C2576E220}.Debug|x86.Build.0 = Debug|Any CPU
		{1F93817D-B3A0-4916-838A-458C2576E220}.Release|Any CPU.ActiveCfg = Release|Any CPU
		{1F93817D-B3A0-4916-838A-458C2576E220}.Release|Any CPU.Build.0 = Release|Any CPU
		{1F93817D-B3A0-4916-838A-458C2576E220}.Release|x64.ActiveCfg = Release|Any CPU
		{1F93817D-B3A0-4916-838A-458C2576E220}.Release|x64.Build.0 = Release|Any CPU
		{1F93817D-B3A0-4916-838A-458C2576E220}.Release|x86.ActiveCfg = Release|Any CPU
		{1F93817D-B3A0-4916-838A-458C2576E220}.Release|x86.Build.0 = Release|Any CPU
		{C4D5E6F7-A8B9-0123-CDEF-234567890123}.Alpha|Any CPU.ActiveCfg = Alpha|Any CPU
		{C4D5E6F7-A8B9-0123-CDEF-234567890123}.Alpha|Any CPU.Build.0 = Alpha|Any CPU
		{C4D5E6F7-A8B9-0123-CDEF-234567890123}.Alpha|x64.ActiveCfg = Alpha|Any CPU
		{C4D5E6F7-A8B9-0123-CDEF-234567890123}.Alpha|x64.Build.0 = Alpha|Any CPU
		{C4D5E6F7-A8B9-0123-CDEF-234567890123}.Alpha|x86.ActiveCfg = Alpha|Any CPU
		{C4D5E6F7-A8B9-0123-CDEF-234567890123}.Alpha|x86.Build.0 = Alpha|Any CPU
		{C4D5E6F7-A8B9-0123-CDEF-234567890123}.Debug|Any CPU.ActiveCfg = Debug|Any CPU
		{C4D5E6F7-A8B9-0123-CDEF-234567890123}.Debug|Any CPU.Build.0 = Debug|Any CPU
		{C4D5E6F7-A8B9-0123-CDEF-234567890123}.Debug|x64.ActiveCfg = Debug|Any CPU
		{C4D5E6F7-A8B9-0123-CDEF-234567890123}.Debug|x64.Build.0 = Debug|Any CPU
		{C4D5E6F7-A8B9-0123-CDEF-234567890123}.Debug|x86.ActiveCfg = Debug|Any CPU
		{C4D5E6F7-A8B9-0123-CDEF-234567890123}.Debug|x86.Build.0 = Debug|Any CPU
		{C4D5E6F7-A8B9-0123-CDEF-234567890123}.Release|Any CPU.ActiveCfg = Release|Any CPU
		{C4D5E6F7-A8B9-0123-CDEF-234567890123}.Release|Any CPU.Build.0 = Release|Any CPU
		{C4D5E6F7-A8B9-0123-CDEF-234567890123}.Release|x64.ActiveCfg = Release|Any CPU
		{C4D5E6F7-A8B9-0123-CDEF-234567890123}.Release|x64.Build.0 = Release|Any CPU
		{C4D5E6F7-A8B9-0123-CDEF-234567890123}.Release|x86.ActiveCfg = Release|Any CPU
		{C4D5E6F7-A8B9-0123-CDEF-234567890123}.Release|x86.Build.0 = Release|Any CPU
		{B2C3D4E5-F6A7-8901-BCDE-F01234567890}.Alpha|Any CPU.ActiveCfg = Alpha|Any CPU
		{B2C3D4E5-F6A7-8901-BCDE-F01234567890}.Alpha|Any CPU.Build.0 = Alpha|Any CPU
		{B2C3D4E5-F6A7-8901-BCDE-F01234567890}.Alpha|x64.ActiveCfg = Alpha|Any CPU
		{B2C3D4E5-F6A7-8901-BCDE-F01234567890}.Alpha|x64.Build.0 = Alpha|Any CPU
		{B2C3D4E5-F6A7-8901-BCDE-F01234567890}.Alpha|x86.ActiveCfg = Alpha|Any CPU
		{B2C3D4E5-F6A7-8901-BCDE-F01234567890}.Alpha|x86.Build.0 = Alpha|Any CPU
		{B2C3D4E5-F6A7-8901-BCDE-F01234567890}.Debug|Any CPU.ActiveCfg = Debug|Any CPU
		{B2C3D4E5-F6A7-8901-BCDE-F01234567890}.Debug|Any CPU.Build.0 = Debug|Any CPU
		{B2C3D4E5-F6A7-8901-BCDE-F01234567890}.Debug|x64.ActiveCfg = Debug|Any CPU
		{B2C3D4E5-F6A7-8901-BCDE-F01234567890}.Debug|x64.Build.0 = Debug|Any CPU
		{B2C3D4E5-F6A7-8901-BCDE-F01234567890}.Debug|x86.ActiveCfg = Debug|Any CPU
		{B2C3D4E5-F6A7-8901-BCDE-F01234567890}.Debug|x86.Build.0 = Debug|Any CPU
		{B2C3D4E5-F6A7-8901-BCDE-F01234567890}.Release|Any CPU.ActiveCfg = Release|Any CPU
		{B2C3D4E5-F6A7-8901-BCDE-F01234567890}.Release|Any CPU.Build.0 = Release|Any CPU
		{B2C3D4E5-F6A7-8901-BCDE-F01234567890}.Release|x64.ActiveCfg = Release|Any CPU
		{B2C3D4E5-F6A7-8901-BCDE-F01234567890}.Release|x64.Build.0 = Release|Any CPU
		{B2C3D4E5-F6A7-8901-BCDE-F01234567890}.Release|x86.ActiveCfg = Release|Any CPU
		{B2C3D4E5-F6A7-8901-BCDE-F01234567890}.Release|x86.Build.0 = Release|Any CPU
		{D1E2F3A4-B5C6-7890-ABCD-EF0123456789}.Alpha|Any CPU.ActiveCfg = Alpha|Any CPU
		{D1E2F3A4-B5C6-7890-ABCD-EF0123456789}.Alpha|Any CPU.Build.0 = Alpha|Any CPU
		{D1E2F3A4-B5C6-7890-ABCD-EF0123456789}.Alpha|x64.ActiveCfg = Alpha|Any CPU
		{D1E2F3A4-B5C6-7890-ABCD-EF0123456789}.Alpha|x64.Build.0 = Alpha|Any CPU
		{D1E2F3A4-B5C6-7890-ABCD-EF0123456789}.Alpha|x86.ActiveCfg = Alpha|Any CPU
		{D1E2F3A4-B5C6-7890-ABCD-EF0123456789}.Alpha|x86.Build.0 = Alpha|Any CPU
		{D1E2F3A4-B5C6-7890-ABCD-EF0123456789}.Debug|Any CPU.ActiveCfg = Debug|Any CPU
		{D1E2F3A4-B5C6-7890-ABCD-EF0123456789}.Debug|Any CPU.Build.0 = Debug|Any CPU
		{D1E2F3A4-B5C6-7890-ABCD-EF0123456789}.Debug|x64.ActiveCfg = Debug|Any CPU
		{D1E2F3A4-B5C6-7890-ABCD-EF0123456789}.Debug|x64.Build.0 = Debug|Any CPU
		{D1E2F3A4-B5C6-7890-ABCD-EF0123456789}.Debug|x86.ActiveCfg = Debug|Any CPU
		{D1E2F3A4-B5C6-7890-ABCD-EF0123456789}.Debug|x86.Build.0 = Debug|Any CPU
		{D1E2F3A4-B5C6-7890-ABCD-EF0123456789}.Release|Any CPU.ActiveCfg = Release|Any CPU
		{D1E2F3A4-B5C6-7890-ABCD-EF0123456789}.Release|Any CPU.Build.0 = Release|Any CPU
		{D1E2F3A4-B5C6-7890-ABCD-EF0123456789}.Release|x64.ActiveCfg = Release|Any CPU
		{D1E2F3A4-B5C6-7890-ABCD-EF0123456789}.Release|x64.Build.0 = Release|Any CPU
		{D1E2F3A4-B5C6-7890-ABCD-EF0123456789}.Release|x86.ActiveCfg = Release|Any CPU
		{D1E2F3A4-B5C6-7890-ABCD-EF0123456789}.Release|x86.Build.0 = Release|Any CPU
		{E2F3A4B5-C6D7-8901-BCDE-F01234567890}.Alpha|Any CPU.ActiveCfg = Alpha|Any CPU
		{E2F3A4B5-C6D7-8901-BCDE-F01234567890}.Alpha|Any CPU.Build.0 = Alpha|Any CPU
		{E2F3A4B5-C6D7-8901-BCDE-F01234567890}.Alpha|x64.ActiveCfg = Alpha|Any CPU
		{E2F3A4B5-C6D7-8901-BCDE-F01234567890}.Alpha|x64.Build.0 = Alpha|Any CPU
		{E2F3A4B5-C6D7-8901-BCDE-F01234567890}.Alpha|x86.ActiveCfg = Alpha|Any CPU
		{E2F3A4B5-C6D7-8901-BCDE-F01234567890}.Alpha|x86.Build.0 = Alpha|Any CPU
		{E2F3A4B5-C6D7-8901-BCDE-F01234567890}.Debug|Any CPU.ActiveCfg = Debug|Any CPU
		{E2F3A4B5-C6D7-8901-BCDE-F01234567890}.Debug|Any CPU.Build.0 = Debug|Any CPU
		{E2F3A4B5-C6D7-8901-BCDE-F01234567890}.Debug|x64.ActiveCfg = Debug|Any CPU
		{E2F3A4B5-C6D7-8901-BCDE-F01234567890}.Debug|x64.Build.0 = Debug|Any CPU
		{E2F3A4B5-C6D7-8901-BCDE-F01234567890}.Debug|x86.ActiveCfg = Debug|Any CPU
		{E2F3A4B5-C6D7-8901-BCDE-F01234567890}.Debug|x86.Build.0 = Debug|Any CPU
		{E2F3A4B5-C6D7-8901-BCDE-F01234567890}.Release|Any CPU.ActiveCfg = Release|Any CPU
		{E2F3A4B5-C6D7-8901-BCDE-F01234567890}.Release|Any CPU.Build.0 = Release|Any CPU
		{E2F3A4B5-C6D7-8901-BCDE-F01234567890}.Release|x64.ActiveCfg = Release|Any CPU
		{E2F3A4B5-C6D7-8901-BCDE-F01234567890}.Release|x64.Build.0 = Release|Any CPU
		{E2F3A4B5-C6D7-8901-BCDE-F01234567890}.Release|x86.ActiveCfg = Release|Any CPU
		{E2F3A4B5-C6D7-8901-BCDE-F01234567890}.Release|x86.Build.0 = Release|Any CPU
		{B2C3D4E5-F6A7-8901-BCDE-123456789ABC}.Alpha|Any CPU.ActiveCfg = Alpha|Any CPU
		{B2C3D4E5-F6A7-8901-BCDE-123456789ABC}.Alpha|Any CPU.Build.0 = Alpha|Any CPU
		{B2C3D4E5-F6A7-8901-BCDE-123456789ABC}.Alpha|x64.ActiveCfg = Alpha|Any CPU
		{B2C3D4E5-F6A7-8901-BCDE-123456789ABC}.Alpha|x64.Build.0 = Alpha|Any CPU
		{B2C3D4E5-F6A7-8901-BCDE-123456789ABC}.Alpha|x86.ActiveCfg = Alpha|Any CPU
		{B2C3D4E5-F6A7-8901-BCDE-123456789ABC}.Alpha|x86.Build.0 = Alpha|Any CPU
		{B2C3D4E5-F6A7-8901-BCDE-123456789ABC}.Debug|Any CPU.ActiveCfg = Debug|Any CPU
		{B2C3D4E5-F6A7-8901-BCDE-123456789ABC}.Debug|Any CPU.Build.0 = Debug|Any CPU
		{B2C3D4E5-F6A7-8901-BCDE-123456789ABC}.Debug|x64.ActiveCfg = Debug|Any CPU
		{B2C3D4E5-F6A7-8901-BCDE-123456789ABC}.Debug|x64.Build.0 = Debug|Any CPU
		{B2C3D4E5-F6A7-8901-BCDE-123456789ABC}.Debug|x86.ActiveCfg = Debug|Any CPU
		{B2C3D4E5-F6A7-8901-BCDE-123456789ABC}.Debug|x86.Build.0 = Debug|Any CPU
		{B2C3D4E5-F6A7-8901-BCDE-123456789ABC}.Release|Any CPU.ActiveCfg = Release|Any CPU
		{B2C3D4E5-F6A7-8901-BCDE-123456789ABC}.Release|Any CPU.Build.0 = Release|Any CPU
		{B2C3D4E5-F6A7-8901-BCDE-123456789ABC}.Release|x64.ActiveCfg = Release|Any CPU
		{B2C3D4E5-F6A7-8901-BCDE-123456789ABC}.Release|x64.Build.0 = Release|Any CPU
		{B2C3D4E5-F6A7-8901-BCDE-123456789ABC}.Release|x86.ActiveCfg = Release|Any CPU
		{B2C3D4E5-F6A7-8901-BCDE-123456789ABC}.Release|x86.Build.0 = Release|Any CPU
		{C3D4E5F6-A7B8-9012-CDEF-345678901234}.Alpha|Any CPU.ActiveCfg = Alpha|Any CPU
		{C3D4E5F6-A7B8-9012-CDEF-345678901234}.Alpha|Any CPU.Build.0 = Alpha|Any CPU
		{C3D4E5F6-A7B8-9012-CDEF-345678901234}.Alpha|x64.ActiveCfg = Alpha|Any CPU
		{C3D4E5F6-A7B8-9012-CDEF-345678901234}.Alpha|x64.Build.0 = Alpha|Any CPU
		{C3D4E5F6-A7B8-9012-CDEF-345678901234}.Alpha|x86.ActiveCfg = Alpha|Any CPU
		{C3D4E5F6-A7B8-9012-CDEF-345678901234}.Alpha|x86.Build.0 = Alpha|Any CPU
		{C3D4E5F6-A7B8-9012-CDEF-345678901234}.Debug|Any CPU.ActiveCfg = Debug|Any CPU
		{C3D4E5F6-A7B8-9012-CDEF-345678901234}.Debug|Any CPU.Build.0 = Debug|Any CPU
		{C3D4E5F6-A7B8-9012-CDEF-345678901234}.Debug|x64.ActiveCfg = Debug|Any CPU
		{C3D4E5F6-A7B8-9012-CDEF-345678901234}.Debug|x64.Build.0 = Debug|Any CPU
		{C3D4E5F6-A7B8-9012-CDEF-345678901234}.Debug|x86.ActiveCfg = Debug|Any CPU
		{C3D4E5F6-A7B8-9012-CDEF-345678901234}.Debug|x86.Build.0 = Debug|Any CPU
		{C3D4E5F6-A7B8-9012-CDEF-345678901234}.Release|Any CPU.ActiveCfg = Release|Any CPU
		{C3D4E5F6-A7B8-9012-CDEF-345678901234}.Release|Any CPU.Build.0 = Release|Any CPU
		{C3D4E5F6-A7B8-9012-CDEF-345678901234}.Release|x64.ActiveCfg = Release|Any CPU
		{C3D4E5F6-A7B8-9012-CDEF-345678901234}.Release|x64.Build.0 = Release|Any CPU
		{C3D4E5F6-A7B8-9012-CDEF-345678901234}.Release|x86.ActiveCfg = Release|Any CPU
		{C3D4E5F6-A7B8-9012-CDEF-345678901234}.Release|x86.Build.0 = Release|Any CPU
		{D4E5F6A7-B8C9-0123-ABCD-EF6789012345}.Alpha|Any CPU.ActiveCfg = Alpha|Any CPU
		{D4E5F6A7-B8C9-0123-ABCD-EF6789012345}.Alpha|Any CPU.Build.0 = Alpha|Any CPU
		{D4E5F6A7-B8C9-0123-ABCD-EF6789012345}.Alpha|x64.ActiveCfg = Alpha|Any CPU
		{D4E5F6A7-B8C9-0123-ABCD-EF6789012345}.Alpha|x86.ActiveCfg = Alpha|Any CPU
		{D4E5F6A7-B8C9-0123-ABCD-EF6789012345}.Debug|Any CPU.ActiveCfg = Debug|Any CPU
		{D4E5F6A7-B8C9-0123-ABCD-EF6789012345}.Debug|Any CPU.Build.0 = Debug|Any CPU
		{D4E5F6A7-B8C9-0123-ABCD-EF6789012345}.Debug|x64.ActiveCfg = Debug|Any CPU
		{D4E5F6A7-B8C9-0123-ABCD-EF6789012345}.Debug|x86.ActiveCfg = Debug|Any CPU
		{D4E5F6A7-B8C9-0123-ABCD-EF6789012345}.Release|Any CPU.ActiveCfg = Release|Any CPU
		{D4E5F6A7-B8C9-0123-ABCD-EF6789012345}.Release|Any CPU.Build.0 = Release|Any CPU
		{D4E5F6A7-B8C9-0123-ABCD-EF6789012345}.Release|x64.ActiveCfg = Release|Any CPU
		{D4E5F6A7-B8C9-0123-ABCD-EF6789012345}.Release|x86.ActiveCfg = Release|Any CPU
		{A4B5C6D7-E8F9-0123-ABCD-EF5678901234}.Alpha|Any CPU.ActiveCfg = Release|Any CPU
		{A4B5C6D7-E8F9-0123-ABCD-EF5678901234}.Alpha|Any CPU.Build.0 = Release|Any CPU
		{A4B5C6D7-E8F9-0123-ABCD-EF5678901234}.Alpha|x64.ActiveCfg = Release|Any CPU
		{A4B5C6D7-E8F9-0123-ABCD-EF5678901234}.Alpha|x64.Build.0 = Release|Any CPU
		{A4B5C6D7-E8F9-0123-ABCD-EF5678901234}.Alpha|x86.ActiveCfg = Release|Any CPU
		{A4B5C6D7-E8F9-0123-ABCD-EF5678901234}.Alpha|x86.Build.0 = Release|Any CPU
		{A4B5C6D7-E8F9-0123-ABCD-EF5678901234}.Debug|Any CPU.ActiveCfg = Debug|Any CPU
		{A4B5C6D7-E8F9-0123-ABCD-EF5678901234}.Debug|Any CPU.Build.0 = Debug|Any CPU
		{A4B5C6D7-E8F9-0123-ABCD-EF5678901234}.Debug|x64.ActiveCfg = Debug|Any CPU
		{A4B5C6D7-E8F9-0123-ABCD-EF5678901234}.Debug|x64.Build.0 = Debug|Any CPU
		{A4B5C6D7-E8F9-0123-ABCD-EF5678901234}.Debug|x86.ActiveCfg = Debug|Any CPU
		{A4B5C6D7-E8F9-0123-ABCD-EF5678901234}.Debug|x86.Build.0 = Debug|Any CPU
		{A4B5C6D7-E8F9-0123-ABCD-EF5678901234}.Release|Any CPU.ActiveCfg = Release|Any CPU
		{A4B5C6D7-E8F9-0123-ABCD-EF5678901234}.Release|Any CPU.Build.0 = Release|Any CPU
		{A4B5C6D7-E8F9-0123-ABCD-EF5678901234}.Release|x64.ActiveCfg = Release|Any CPU
		{A4B5C6D7-E8F9-0123-ABCD-EF5678901234}.Release|x64.Build.0 = Release|Any CPU
		{A4B5C6D7-E8F9-0123-ABCD-EF5678901234}.Release|x86.ActiveCfg = Release|Any CPU
		{A4B5C6D7-E8F9-0123-ABCD-EF5678901234}.Release|x86.Build.0 = Release|Any CPU
		{B5C6D7E8-F9A0-1234-BCDE-F67890123456}.Alpha|Any CPU.ActiveCfg = Release|Any CPU
		{B5C6D7E8-F9A0-1234-BCDE-F67890123456}.Alpha|Any CPU.Build.0 = Release|Any CPU
		{B5C6D7E8-F9A0-1234-BCDE-F67890123456}.Alpha|x64.ActiveCfg = Release|Any CPU
		{B5C6D7E8-F9A0-1234-BCDE-F67890123456}.Alpha|x64.Build.0 = Release|Any CPU
		{B5C6D7E8-F9A0-1234-BCDE-F67890123456}.Alpha|x86.ActiveCfg = Release|Any CPU
		{B5C6D7E8-F9A0-1234-BCDE-F67890123456}.Alpha|x86.Build.0 = Release|Any CPU
		{B5C6D7E8-F9A0-1234-BCDE-F67890123456}.Debug|Any CPU.ActiveCfg = Debug|Any CPU
		{B5C6D7E8-F9A0-1234-BCDE-F67890123456}.Debug|Any CPU.Build.0 = Debug|Any CPU
		{B5C6D7E8-F9A0-1234-BCDE-F67890123456}.Debug|x64.ActiveCfg = Debug|Any CPU
		{B5C6D7E8-F9A0-1234-BCDE-F67890123456}.Debug|x64.Build.0 = Debug|Any CPU
		{B5C6D7E8-F9A0-1234-BCDE-F67890123456}.Debug|x86.ActiveCfg = Debug|Any CPU
		{B5C6D7E8-F9A0-1234-BCDE-F67890123456}.Debug|x86.Build.0 = Debug|Any CPU
		{B5C6D7E8-F9A0-1234-BCDE-F67890123456}.Release|Any CPU.ActiveCfg = Release|Any CPU
		{B5C6D7E8-F9A0-1234-BCDE-F67890123456}.Release|Any CPU.Build.0 = Release|Any CPU
		{B5C6D7E8-F9A0-1234-BCDE-F67890123456}.Release|x64.ActiveCfg = Release|Any CPU
		{B5C6D7E8-F9A0-1234-BCDE-F67890123456}.Release|x64.Build.0 = Release|Any CPU
		{B5C6D7E8-F9A0-1234-BCDE-F67890123456}.Release|x86.ActiveCfg = Release|Any CPU
		{B5C6D7E8-F9A0-1234-BCDE-F67890123456}.Release|x86.Build.0 = Release|Any CPU
		{69BB1D83-090B-4A34-8C3F-3C63E071AAA5}.Alpha|Any CPU.ActiveCfg = Alpha|Any CPU
		{69BB1D83-090B-4A34-8C3F-3C63E071AAA5}.Alpha|Any CPU.Build.0 = Alpha|Any CPU
		{69BB1D83-090B-4A34-8C3F-3C63E071AAA5}.Alpha|x64.ActiveCfg = Alpha|Any CPU
		{69BB1D83-090B-4A34-8C3F-3C63E071AAA5}.Alpha|x64.Build.0 = Alpha|Any CPU
		{69BB1D83-090B-4A34-8C3F-3C63E071AAA5}.Alpha|x86.ActiveCfg = Alpha|Any CPU
		{69BB1D83-090B-4A34-8C3F-3C63E071AAA5}.Alpha|x86.Build.0 = Alpha|Any CPU
		{69BB1D83-090B-4A34-8C3F-3C63E071AAA5}.Debug|Any CPU.ActiveCfg = Debug|Any CPU
		{69BB1D83-090B-4A34-8C3F-3C63E071AAA5}.Debug|Any CPU.Build.0 = Debug|Any CPU
		{69BB1D83-090B-4A34-8C3F-3C63E071AAA5}.Debug|x64.ActiveCfg = Debug|Any CPU
		{69BB1D83-090B-4A34-8C3F-3C63E071AAA5}.Debug|x64.Build.0 = Debug|Any CPU
		{69BB1D83-090B-4A34-8C3F-3C63E071AAA5}.Debug|x86.ActiveCfg = Debug|Any CPU
		{69BB1D83-090B-4A34-8C3F-3C63E071AAA5}.Debug|x86.Build.0 = Debug|Any CPU
		{69BB1D83-090B-4A34-8C3F-3C63E071AAA5}.Release|Any CPU.ActiveCfg = Release|Any CPU
		{69BB1D83-090B-4A34-8C3F-3C63E071AAA5}.Release|Any CPU.Build.0 = Release|Any CPU
		{69BB1D83-090B-4A34-8C3F-3C63E071AAA5}.Release|x64.ActiveCfg = Release|Any CPU
		{69BB1D83-090B-4A34-8C3F-3C63E071AAA5}.Release|x64.Build.0 = Release|Any CPU
		{69BB1D83-090B-4A34-8C3F-3C63E071AAA5}.Release|x86.ActiveCfg = Release|Any CPU
		{69BB1D83-090B-4A34-8C3F-3C63E071AAA5}.Release|x86.Build.0 = Release|Any CPU
	EndGlobalSection
	GlobalSection(SolutionProperties) = preSolution
		HideSolutionNode = FALSE
	EndGlobalSection
	GlobalSection(NestedProjects) = preSolution
		{14DA0662-5224-4363-ABBD-6A56B02047E2} = {02EA681E-C7D8-13C7-8484-4AC65E1B71E8}
		{5056A407-82AE-41C6-A866-F7D3BDD44514} = {14DA0662-5224-4363-ABBD-6A56B02047E2}
		{B044CA8A-9F21-4B10-B192-6B6F59B88A90} = {02EA681E-C7D8-13C7-8484-4AC65E1B71E8}
		{4E1F1333-8227-4F9D-8001-7F61CC2E4E32} = {B044CA8A-9F21-4B10-B192-6B6F59B88A90}
		{35789CB2-9651-4A19-A25D-82FA349D397B} = {B044CA8A-9F21-4B10-B192-6B6F59B88A90}
		{437BC91A-40B8-41DC-944A-164DD995D1F0} = {B044CA8A-9F21-4B10-B192-6B6F59B88A90}
		{EBB56F57-A884-4825-AB69-92F5F2DA91A0} = {14DA0662-5224-4363-ABBD-6A56B02047E2}
		{B91FBB15-A277-4C98-821A-9EE83EE45FF1} = {14DA0662-5224-4363-ABBD-6A56B02047E2}
		{5AD8E90F-E8FE-42A9-9C11-9301990ACC13} = {14DA0662-5224-4363-ABBD-6A56B02047E2}
		{CCF69E74-3EA3-4624-ACF9-32639664E62C} = {02EA681E-C7D8-13C7-8484-4AC65E1B71E8}
		{563D7262-21F2-4902-AF0C-E5A763591860} = {CCF69E74-3EA3-4624-ACF9-32639664E62C}
		{EB8CD83B-3F8B-4F05-B3D9-9BB25BAC5F6B} = {CCF69E74-3EA3-4624-ACF9-32639664E62C}
		{C7E8F432-1A9B-4D2E-A6F3-8B5C92D41E7A} = {CCF69E74-3EA3-4624-ACF9-32639664E62C}
		{D8F9A543-2BAC-5E3F-B7A4-9C6D03E52F8B} = {CCF69E74-3EA3-4624-ACF9-32639664E62C}
		{0CA43E85-A384-4364-8442-FD1B302F81DD} = {CCF69E74-3EA3-4624-ACF9-32639664E62C}
		{3F865372-4DE5-48A5-8A62-803D48B90EA3} = {14DA0662-5224-4363-ABBD-6A56B02047E2}
		{A1B2C3D4-E5F6-7890-ABCD-EF1234567890} = {CCF69E74-3EA3-4624-ACF9-32639664E62C}
		{4E810C82-7642-4CC5-9082-F6889DB44517} = {7A6A4E4C-ADEC-44CC-824F-AE43D8A28416}
		{A2B3C4D5-E6F7-8901-BCDE-012345678901} = {CCF69E74-3EA3-4624-ACF9-32639664E62C}
		{F2A3B4C5-D6E7-8901-BCDE-F12345678901} = {14DA0662-5224-4363-ABBD-6A56B02047E2}
		{7A6A4E4C-ADEC-44CC-824F-AE43D8A28416} = {02EA681E-C7D8-13C7-8484-4AC65E1B71E8}
		{1F93817D-B3A0-4916-838A-458C2576E220} = {7A6A4E4C-ADEC-44CC-824F-AE43D8A28416}
		{C4D5E6F7-A8B9-0123-CDEF-234567890123} = {B044CA8A-9F21-4B10-B192-6B6F59B88A90}
		{A9B0C1D2-E3F4-5678-90AB-CDEF01234567} = {02EA681E-C7D8-13C7-8484-4AC65E1B71E8}
		{B2C3D4E5-F6A7-8901-BCDE-F01234567890} = {A9B0C1D2-E3F4-5678-90AB-CDEF01234567}
		{D1E2F3A4-B5C6-7890-ABCD-EF0123456789} = {A9B0C1D2-E3F4-5678-90AB-CDEF01234567}
		{E2F3A4B5-C6D7-8901-BCDE-F01234567890} = {A9B0C1D2-E3F4-5678-90AB-CDEF01234567}
		{B2C3D4E5-F6A7-8901-BCDE-123456789ABC} = {CCF69E74-3EA3-4624-ACF9-32639664E62C}
		{C3D4E5F6-A7B8-9012-CDEF-345678901234} = {14DA0662-5224-4363-ABBD-6A56B02047E2}
		{D4E5F6A7-B8C9-0123-ABCD-EF6789012345} = {CCF69E74-3EA3-4624-ACF9-32639664E62C}
		{A4B5C6D7-E8F9-0123-ABCD-EF5678901234} = {F4A5B6C7-D8E9-0123-ABCD-EF4567890123}
		{B5C6D7E8-F9A0-1234-BCDE-F67890123456} = {F4A5B6C7-D8E9-0123-ABCD-EF4567890123}
		{69BB1D83-090B-4A34-8C3F-3C63E071AAA5} = {14DA0662-5224-4363-ABBD-6A56B02047E2}
	EndGlobalSection
	GlobalSection(ExtensibilityGlobals) = postSolution
		SolutionGuid = {54FFF5A9-3102-489A-A920-9B9CE4DF002C}
	EndGlobalSection
EndGlobal
